<Solution>
  <Configurations>
    <Platform Name="x64" />
    <Platform Name="x86" />
  </Configurations>
  <Project Path="ComboBox/ComboBox.vcxproj" Id="66662e0c-0707-4661-8c44-0ad5ff9c575a" />
  <Project Path="DialogBox/DialogBox.vcxproj" Id="f6b6c491-b457-4424-8dfc-2973e2c0ed9f" />
  <Project Path="MainWindow/MainWindow.vcxproj" Id="773b5c81-09fe-4b03-ae1d-d6f8eca0144a" />
  <Project Path="WinAPI/WinAPI.vcxproj" Id="7434f661-e0a9-4442-a55c-6afd817893d7" />
</Solution>
